
Microsoft Visual Studio Solution File, Format Version 12.00
# Visual Studio Version 16
VisualStudioVersion = 16.0.31410.357
MinimumVisualStudioVersion = 10.0.40219.1
Project("{FAE04EC0-301F-11D3-BF4B-00C04F79EFBC}") = "DirTree", "DirTree\DirTree.csproj", "{43BEF5B6-46E3-4AEF-8739-1A4B092367F7}"
EndProject
Global
	GlobalSection(SolutionConfigurationPlatforms) = preSolution
		Debug|Any CPU = Debug|Any CPU
		Release|Any CPU = Release|Any CPU
	EndGlobalSection
	GlobalSection(ProjectConfigurationPlatforms) = postSolution
		{43BEF5B6-46E3-4AEF-8739-1A4B092367F7}.Debug|Any CPU.ActiveCfg = Debug|Any CPU
		{43BEF5B6-46E3-4AEF-8739-1A4B092367F7}.Debug|Any CPU.Build.0 = Debug|Any CPU
		{43BEF5B6-46E3-4AEF-8739-1A4B092367F7}.Release|Any CPU.ActiveCfg = Release|Any CPU
		{43BEF5B6-46E3-4AEF-8739-1A4B092367F7}.Release|Any CPU.Build.0 = Release|Any CPU
	EndGlobalSection
	GlobalSection(SolutionProperties) = preSolution
		HideSolutionNode = FALSE
	EndGlobalSection
	GlobalSection(ExtensibilityGlobals) = postSolution
		SolutionGuid = {E80537F5-EC8C-4A2F-A321-7E2B44FE8E0F}
	EndGlobalSection
EndGlobal
